
Microsoft Visual Studio Solution File, Format Version 12.00
# Visual Studio 2013
VisualStudioVersion = 12.0.31101.0
MinimumVisualStudioVersion = 10.0.40219.1
Project("{FAE04EC0-301F-11D3-BF4B-00C04F79EFBC}") = "ShopifyAdapter", "ShopifyAdapter\ShopifyAdapter.csproj", "{E469CB6A-6987-49AF-AC49-F251E51728B8}"
EndProject
Project("{FAE04EC0-301F-11D3-BF4B-00C04F79EFBC}") = "ShopifyClientApp", "ShopifyClientApp\ShopifyClientApp.csproj", "{82B7C244-ADAD-414F-B7E1-FE19248D06CA}"
EndProject
Global
	GlobalSection(SolutionConfigurationPlatforms) = preSolution
		Debug|Any CPU = Debug|Any CPU
		Release|Any CPU = Release|Any CPU
	EndGlobalSection
	GlobalSection(ProjectConfigurationPlatforms) = postSolution
		{E469CB6A-6987-49AF-AC49-F251E51728B8}.Debug|Any CPU.ActiveCfg = Debug|Any CPU
		{E469CB6A-6987-49AF-AC49-F251E51728B8}.Debug|Any CPU.Build.0 = Debug|Any CPU
		{E469CB6A-6987-49AF-AC49-F251E51728B8}.Release|Any CPU.ActiveCfg = Release|Any CPU
		{E469CB6A-6987-49AF-AC49-F251E51728B8}.Release|Any CPU.Build.0 = Release|Any CPU
		{82B7C244-ADAD-414F-B7E1-FE19248D06CA}.Debug|Any CPU.ActiveCfg = Debug|Any CPU
		{82B7C244-ADAD-414F-B7E1-FE19248D06CA}.Debug|Any CPU.Build.0 = Debug|Any CPU
		{82B7C244-ADAD-414F-B7E1-FE19248D06CA}.Release|Any CPU.ActiveCfg = Release|Any CPU
		{82B7C244-ADAD-414F-B7E1-FE19248D06CA}.Release|Any CPU.Build.0 = Release|Any CPU
	EndGlobalSection
	GlobalSection(SolutionProperties) = preSolution
		HideSolutionNode = FALSE
	EndGlobalSection
EndGlobal
